{
  "name": "outbound-poc",
  "version": "1.0.0",
  "lockfileVersion": 3,
  "requires": true,
  "packages": {
    "": {
      "name": "outbound-poc",
      "version": "1.0.0",
      "license": "MIT",
      "devDependencies": {
        "pnpm": "^9.12.2"
      }
    },
    "node_modules/pnpm": {
      "version": "9.12.2",
      "resolved": "https://registry.npmjs.org/pnpm/-/pnpm-9.12.2.tgz",
      "integrity": "sha512-InIbOhH4FmGuHsaM4ae4eUJaHKW5kcl1sHSsIgsYfOVscI/l22n0yWLJiUUu7nbIKHf07oD0dM69Ye4TRhtiKA==",
      "dev": true,
      "license": "MIT",
      "bin": {
        "pnpm": "bin/pnpm.cjs",
        "pnpx": "bin/pnpx.cjs"
      },
      "engines": {
        "node": ">=18.12"
      },
      "funding": {
        "url": "https://opencollective.com/pnpm"
      }
    }
  }
}
